// !$*UTF8*$!
{
	archiveVersion = 1;
	classes = {
	};
	objectVersion = 46;
	objects = {

/* Begin PBXBuildFile section */
		05BD338F1EC4BD81004C6F89 /* AppDelegate.swift in Sources */ = {isa = PBXBuildFile; fileRef = 05BD338E1EC4BD81004C6F89 /* AppDelegate.swift */; };
		05BD33911EC4BD81004C6F89 /* ViewController.swift in Sources */ = {isa = PBXBuildFile; fileRef = 05BD33901EC4BD81004C6F89 /* ViewController.swift */; };
		05BD33941EC4BD81004C6F89 /* Main.storyboard in Resources */ = {isa = PBXBuildFile; fileRef = 05BD33921EC4BD81004C6F89 /* Main.storyboard */; };
		05BD33961EC4BD81004C6F89 /* Assets.xcassets in Resources */ = {isa = PBXBuildFile; fileRef = 05BD33951EC4BD81004C6F89 /* Assets.xcassets */; };
		05BD33991EC4BD81004C6F89 /* LaunchScreen.storyboard in Resources */ = {isa = PBXBuildFile; fileRef = 05BD33971EC4BD81004C6F89 /* LaunchScreen.storyboard */; };
		05BD33A41EC4BD81004C6F89 /* DVP_Bai3_RWPLISTTests.swift in Sources */ = {isa = PBXBuildFile; fileRef = 05BD33A31EC4BD81004C6F89 /* DVP_Bai3_RWPLISTTests.swift */; };
		05BD33AF1EC4BD81004C6F89 /* DVP_Bai3_RWPLISTUITests.swift in Sources */ = {isa = PBXBuildFile; fileRef = 05BD33AE1EC4BD81004C6F89 /* DVP_Bai3_RWPLISTUITests.swift */; };
/* End PBXBuildFile section */

/* Begin PBXContainerItemProxy section */
		05BD33A01EC4BD81004C6F89 /* PBXContainerItemProxy */ = {
			isa = PBXContainerItemProxy;
			containerPortal = 05BD33831EC4BD81004C6F89 /* Project object */;
			proxyType = 1;
			remoteGlobalIDString = 05BD338A1EC4BD81004C6F89;
			remoteInfo = DVP_Bai3_RWPLIST;
		};
		05BD33AB1EC4BD81004C6F89 /* PBXContainerItemProxy */ = {
			isa = PBXContainerItemProxy;
			containerPortal = 05BD33831EC4BD81004C6F89 /* Project object */;
			proxyType = 1;
			remoteGlobalIDString = 05BD338A1EC4BD81004C6F89;
			remoteInfo = DVP_Bai3_RWPLIST;
		};
/* End PBXContainerItemProxy section */

/* Begin PBXFileReference section */
		05BD338B1EC4BD81004C6F89 /* DVP_Bai3_RWPLIST.app */ = {isa = PBXFileReference; explicitFileType = wrapper.application; includeInIndex = 0; path = DVP_Bai3_RWPLIST.app; sourceTree = BUILT_PRODUCTS_DIR; };
		05BD338E1EC4BD81004C6F89 /* AppDelegate.swift */ = {isa = PBXFileReference; lastKnownFileType = sourcecode.swift; path = AppDelegate.swift; sourceTree = "<group>"; };
		05BD33901EC4BD81004C6F89 /* ViewController.swift */ = {isa = PBXFileReference; lastKnownFileType = sourcecode.swift; path = ViewController.swift; sourceTree = "<group>"; };
		05BD33931EC4BD81004C6F89 /* Base */ = {isa = PBXFileReference; lastKnownFileType = file.storyboard; name = Base; path = Base.lproj/Main.storyboard; sourceTree = "<group>"; };
		05BD33951EC4BD81004C6F89 /* Assets.xcassets */ = {isa = PBXFileReference; lastKnownFileType = folder.assetcatalog; path = Assets.xcassets; sourceTree = "<group>"; };
		05BD33981EC4BD81004C6F89 /* Base */ = {isa = PBXFileReference; lastKnownFileType = file.storyboard; name = Base; path = Base.lproj/LaunchScreen.storyboard; sourceTree = "<group>"; };
		05BD339A1EC4BD81004C6F89 /* Info.plist */ = {isa = PBXFileReference; lastKnownFileType = text.plist.xml; path = Info.plist; sourceTree = "<group>"; };
		05BD339F1EC4BD81004C6F89 /* DVP_Bai3_RWPLISTTests.xctest */ = {isa = PBXFileReference; explicitFileType = wrapper.cfbundle; includeInIndex = 0; path = DVP_Bai3_RWPLISTTests.xctest; sourceTree = BUILT_PRODUCTS_DIR; };
		05BD33A31EC4BD81004C6F89 /* DVP_Bai3_RWPLISTTests.swift */ = {isa = PBXFileReference; lastKnownFileType = sourcecode.swift; path = DVP_Bai3_RWPLISTTests.swift; sourceTree = "<group>"; };
		05BD33A51EC4BD81004C6F89 /* Info.plist */ = {isa = PBXFileReference; lastKnownFileType = text.plist.xml; path = Info.plist; sourceTree = "<group>"; };
		05BD33AA1EC4BD81004C6F89 /* DVP_Bai3_RWPLISTUITests.xctest */ = {isa = PBXFileReference; explicitFileType = wrapper.cfbundle; includeInIndex = 0; path = DVP_Bai3_RWPLISTUITests.xctest; sourceTree = BUILT_PRODUCTS_DIR; };
		05BD33AE1EC4BD81004C6F89 /* DVP_Bai3_RWPLISTUITests.swift */ = {isa = PBXFileReference; lastKnownFileType = sourcecode.swift; path = DVP_Bai3_RWPLISTUITests.swift; sourceTree = "<group>"; };
		05BD33B01EC4BD81004C6F89 /* Info.plist */ = {isa = PBXFileReference; lastKnownFileType = text.plist.xml; path = Info.plist; sourceTree = "<group>"; };
/* End PBXFileReference section */

/* Begin PBXFrameworksBuildPhase section */
		05BD33881EC4BD81004C6F89 /* Frameworks */ = {
			isa = PBXFrameworksBuildPhase;
			buildActionMask = 2147483647;
			files = (
			);
			runOnlyForDeploymentPostprocessing = 0;
		};
		05BD339C1EC4BD81004C6F89 /* Frameworks */ = {
			isa = PBXFrameworksBuildPhase;
			buildActionMask = 2147483647;
			files = (
			);
			runOnlyForDeploymentPostprocessing = 0;
		};
		05BD33A71EC4BD81004C6F89 /* Frameworks */ = {
			isa = PBXFrameworksBuildPhase;
			buildActionMask = 2147483647;
			files = (
			);
			runOnlyForDeploymentPostprocessing = 0;
		};
/* End PBXFrameworksBuildPhase section */

/* Begin PBXGroup section */
		05BD33821EC4BD81004C6F89 = {
			isa = PBXGroup;
			children = (
				05BD338D1EC4BD81004C6F89 /* DVP_Bai3_RWPLIST */,
				05BD33A21EC4BD81004C6F89 /* DVP_Bai3_RWPLISTTests */,
				05BD33AD1EC4BD81004C6F89 /* DVP_Bai3_RWPLISTUITests */,
				05BD338C1EC4BD81004C6F89 /* Products */,
			);
			sourceTree = "<group>";
		};
		05BD338C1EC4BD81004C6F89 /* Products */ = {
			isa = PBXGroup;
			children = (
				05BD338B1EC4BD81004C6F89 /* DVP_Bai3_RWPLIST.app */,
				05BD339F1EC4BD81004C6F89 /* DVP_Bai3_RWPLISTTests.xctest */,
				05BD33AA1EC4BD81004C6F89 /* DVP_Bai3_RWPLISTUITests.xctest */,
			);
			name = Products;
			sourceTree = "<group>";
		};
		05BD338D1EC4BD81004C6F89 /* DVP_Bai3_RWPLIST */ = {
			isa = PBXGroup;
			children = (
				05BD338E1EC4BD81004C6F89 /* AppDelegate.swift */,
				05BD33901EC4BD81004C6F89 /* ViewController.swift */,
				05BD33921EC4BD81004C6F89 /* Main.storyboard */,
				05BD33951EC4BD81004C6F89 /* Assets.xcassets */,
				05BD33971EC4BD81004C6F89 /* LaunchScreen.storyboard */,
				05BD339A1EC4BD81004C6F89 /* Info.plist */,
			);
			path = DVP_Bai3_RWPLIST;
			sourceTree = "<group>";
		};
		05BD33A21EC4BD81004C6F89 /* DVP_Bai3_RWPLISTTests */ = {
			isa = PBXGroup;
			children = (
				05BD33A31EC4BD81004C6F89 /* DVP_Bai3_RWPLISTTests.swift */,
				05BD33A51EC4BD81004C6F89 /* Info.plist */,
			);
			path = DVP_Bai3_RWPLISTTests;
			sourceTree = "<group>";
		};
		05BD33AD1EC4BD81004C6F89 /* DVP_Bai3_RWPLISTUITests */ = {
			isa = PBXGroup;
			children = (
				05BD33AE1EC4BD81004C6F89 /* DVP_Bai3_RWPLISTUITests.swift */,
				05BD33B01EC4BD81004C6F89 /* Info.plist */,
			);
			path = DVP_Bai3_RWPLISTUITests;
			sourceTree = "<group>";
		};
/* End PBXGroup section */

/* Begin PBXNativeTarget section */
		05BD338A1EC4BD81004C6F89 /* DVP_Bai3_RWPLIST */ = {
			isa = PBXNativeTarget;
			buildConfigurationList = 05BD33B31EC4BD81004C6F89 /* Build configuration list for PBXNativeTarget "DVP_Bai3_RWPLIST" */;
			buildPhases = (
				05BD33871EC4BD81004C6F89 /* Sources */,
				05BD33881EC4BD81004C6F89 /* Frameworks */,
				05BD33891EC4BD81004C6F89 /* Resources */,
			);
			buildRules = (
			);
			dependencies = (
			);
			name = DVP_Bai3_RWPLIST;
			productName = DVP_Bai3_RWPLIST;
			productReference = 05BD338B1EC4BD81004C6F89 /* DVP_Bai3_RWPLIST.app */;
			productType = "com.apple.product-type.application";
		};
		05BD339E1EC4BD81004C6F89 /* DVP_Bai3_RWPLISTTests */ = {
			isa = PBXNativeTarget;
			buildConfigurationList = 05BD33B61EC4BD81004C6F89 /* Build configuration list for PBXNativeTarget "DVP_Bai3_RWPLISTTests" */;
			buildPhases = (
				05BD339B1EC4BD81004C6F89 /* Sources */,
				05BD339C1EC4BD81004C6F89 /* Frameworks */,
				05BD339D1EC4BD81004C6F89 /* Resources */,
			);
			buildRules = (
			);
			dependencies = (
				05BD33A11EC4BD81004C6F89 /* PBXTargetDependency */,
			);
			name = DVP_Bai3_RWPLISTTests;
			productName = DVP_Bai3_RWPLISTTests;
			productReference = 05BD339F1EC4BD81004C6F89 /* DVP_Bai3_RWPLISTTests.xctest */;
			productType = "com.apple.product-type.bundle.unit-test";
		};
		05BD33A91EC4BD81004C6F89 /* DVP_Bai3_RWPLISTUITests */ = {
			isa = PBXNativeTarget;
			buildConfigurationList = 05BD33B91EC4BD81004C6F89 /* Build configuration list for PBXNativeTarget "DVP_Bai3_RWPLISTUITests" */;
			buildPhases = (
				05BD33A61EC4BD81004C6F89 /* Sources */,
				05BD33A71EC4BD81004C6F89 /* Frameworks */,
				05BD33A81EC4BD81004C6F89 /* Resources */,
			);
			buildRules = (
			);
			dependencies = (
				05BD33AC1EC4BD81004C6F89 /* PBXTargetDependency */,
			);
			name = DVP_Bai3_RWPLISTUITests;
			productName = DVP_Bai3_RWPLISTUITests;
			productReference = 05BD33AA1EC4BD81004C6F89 /* DVP_Bai3_RWPLISTUITests.xctest */;
			productType = "com.apple.product-type.bundle.ui-testing";
		};
/* End PBXNativeTarget section */

/* Begin PBXProject section */
		05BD33831EC4BD81004C6F89 /* Project object */ = {
			isa = PBXProject;
			attributes = {
				LastSwiftUpdateCheck = 0830;
				LastUpgradeCheck = 0830;
				ORGANIZATIONNAME = HCMUTE;
				TargetAttributes = {
					05BD338A1EC4BD81004C6F89 = {
						CreatedOnToolsVersion = 8.3.2;
						ProvisioningStyle = Automatic;
					};
					05BD339E1EC4BD81004C6F89 = {
						CreatedOnToolsVersion = 8.3.2;
						ProvisioningStyle = Automatic;
						TestTargetID = 05BD338A1EC4BD81004C6F89;
					};
					05BD33A91EC4BD81004C6F89 = {
						CreatedOnToolsVersion = 8.3.2;
						ProvisioningStyle = Automatic;
						TestTargetID = 05BD338A1EC4BD81004C6F89;
					};
				};
			};
			buildConfigurationList = 05BD33861EC4BD81004C6F89 /* Build configuration list for PBXProject "DVP_Bai3_RWPLIST" */;
			compatibilityVersion = "Xcode 3.2";
			developmentRegion = English;
			hasScannedForEncodings = 0;
			knownRegions = (
				en,
				Base,
			);
			mainGroup = 05BD33821EC4BD81004C6F89;
			productRefGroup = 05BD338C1EC4BD81004C6F89 /* Products */;
			projectDirPath = "";
			projectRoot = "";
			targets = (
				05BD338A1EC4BD81004C6F89 /* DVP_Bai3_RWPLIST */,
				05BD339E1EC4BD81004C6F89 /* DVP_Bai3_RWPLISTTests */,
				05BD33A91EC4BD81004C6F89 /* DVP_Bai3_RWPLISTUITests */,
			);
		};
/* End PBXProject section */

/* Begin PBXResourcesBuildPhase section */
		05BD33891EC4BD81004C6F89 /* Resources */ = {
			isa = PBXResourcesBuildPhase;
			buildActionMask = 2147483647;
			files = (
				05BD33991EC4BD81004C6F89 /* LaunchScreen.storyboard in Resources */,
				05BD33961EC4BD81004C6F89 /* Assets.xcassets in Resources */,
				05BD33941EC4BD81004C6F89 /* Main.storyboard in Resources */,
			);
			runOnlyForDeploymentPostprocessing = 0;
		};
		05BD339D1EC4BD81004C6F89 /* Resources */ = {
			isa = PBXResourcesBuildPhase;
			buildActionMask = 2147483647;
			files = (
			);
			runOnlyForDeploymentPostprocessing = 0;
		};
		05BD33A81EC4BD81004C6F89 /* Resources */ = {
			isa = PBXResourcesBuildPhase;
			buildActionMask = 2147483647;
			files = (
			);
			runOnlyForDeploymentPostprocessing = 0;
		};
/* End PBXResourcesBuildPhase section */

/* Begin PBXSourcesBuildPhase section */
		05BD33871EC4BD81004C6F89 /* Sources */ = {
			isa = PBXSourcesBuildPhase;
			buildActionMask = 2147483647;
			files = (
				05BD33911EC4BD81004C6F89 /* ViewController.swift in Sources */,
				05BD338F1EC4BD81004C6F89 /* AppDelegate.swift in Sources */,
			);
			runOnlyForDeploymentPostprocessing = 0;
		};
		05BD339B1EC4BD81004C6F89 /* Sources */ = {
			isa = PBXSourcesBuildPhase;
			buildActionMask = 2147483647;
			files = (
				05BD33A41EC4BD81004C6F89 /* DVP_Bai3_RWPLISTTests.swift in Sources */,
			);
			runOnlyForDeploymentPostprocessing = 0;
		};
		05BD33A61EC4BD81004C6F89 /* Sources */ = {
			isa = PBXSourcesBuildPhase;
			buildActionMask = 2147483647;
			files = (
				05BD33AF1EC4BD81004C6F89 /* DVP_Bai3_RWPLISTUITests.swift in Sources */,
			);
			runOnlyForDeploymentPostprocessing = 0;
		};
/* End PBXSourcesBuildPhase section */

/* Begin PBXTargetDependency section */
		05BD33A11EC4BD81004C6F89 /* PBXTargetDependency */ = {
			isa = PBXTargetDependency;
			target = 05BD338A1EC4BD81004C6F89 /* DVP_Bai3_RWPLIST */;
			targetProxy = 05BD33A01EC4BD81004C6F89 /* PBXContainerItemProxy */;
		};
		05BD33AC1EC4BD81004C6F89 /* PBXTargetDependency */ = {
			isa = PBXTargetDependency;
			target = 05BD338A1EC4BD81004C6F89 /* DVP_Bai3_RWPLIST */;
			targetProxy = 05BD33AB1EC4BD81004C6F89 /* PBXContainerItemProxy */;
		};
/* End PBXTargetDependency section */

/* Begin PBXVariantGroup section */
		05BD33921EC4BD81004C6F89 /* Main.storyboard */ = {
			isa = PBXVariantGroup;
			children = (
				05BD33931EC4BD81004C6F89 /* Base */,
			);
			name = Main.storyboard;
			sourceTree = "<group>";
		};
		05BD33971EC4BD81004C6F89 /* LaunchScreen.storyboard */ = {
			isa = PBXVariantGroup;
			children = (
				05BD33981EC4BD81004C6F89 /* Base */,
			);
			name = LaunchScreen.storyboard;
			sourceTree = "<group>";
		};
/* End PBXVariantGroup section */

/* Begin XCBuildConfiguration section */
		05BD33B11EC4BD81004C6F89 /* Debug */ = {
			isa = XCBuildConfiguration;
			buildSettings = {
				ALWAYS_SEARCH_USER_PATHS = NO;
				CLANG_ANALYZER_NONNULL = YES;
				CLANG_ANALYZER_NUMBER_OBJECT_CONVERSION = YES_AGGRESSIVE;
				CLANG_CXX_LANGUAGE_STANDARD = "gnu++0x";
				CLANG_CXX_LIBRARY = "libc++";
				CLANG_ENABLE_MODULES = YES;
				CLANG_ENABLE_OBJC_ARC = YES;
				CLANG_WARN_BOOL_CONVERSION = YES;
				CLANG_WARN_CONSTANT_CONVERSION = YES;
				CLANG_WARN_DIRECT_OBJC_ISA_USAGE = YES_ERROR;
				CLANG_WARN_DOCUMENTATION_COMMENTS = YES;
				CLANG_WARN_EMPTY_BODY = YES;
				CLANG_WARN_ENUM_CONVERSION = YES;
				CLANG_WARN_INFINITE_RECURSION = YES;
				CLANG_WARN_INT_CONVERSION = YES;
				CLANG_WARN_OBJC_ROOT_CLASS = YES_ERROR;
				CLANG_WARN_SUSPICIOUS_MOVE = YES;
				CLANG_WARN_UNREACHABLE_CODE = YES;
				CLANG_WARN__DUPLICATE_METHOD_MATCH = YES;
				"CODE_SIGN_IDENTITY[sdk=iphoneos*]" = "iPhone Developer";
				COPY_PHASE_STRIP = NO;
				DEBUG_INFORMATION_FORMAT = dwarf;
				ENABLE_STRICT_OBJC_MSGSEND = YES;
				ENABLE_TESTABILITY = YES;
				GCC_C_LANGUAGE_STANDARD = gnu99;
				GCC_DYNAMIC_NO_PIC = NO;
				GCC_NO_COMMON_BLOCKS = YES;
				GCC_OPTIMIZATION_LEVEL = 0;
				GCC_PREPROCESSOR_DEFINITIONS = (
					"DEBUG=1",
					"$(inherited)",
				);
				GCC_WARN_64_TO_32_BIT_CONVERSION = YES;
				GCC_WARN_ABOUT_RETURN_TYPE = YES_ERROR;
				GCC_WARN_UNDECLARED_SELECTOR = YES;
				GCC_WARN_UNINITIALIZED_AUTOS = YES_AGGRESSIVE;
				GCC_WARN_UNUSED_FUNCTION = YES;
				GCC_WARN_UNUSED_VARIABLE = YES;
				IPHONEOS_DEPLOYMENT_TARGET = 10.3;
				MTL_ENABLE_DEBUG_INFO = YES;
				ONLY_ACTIVE_ARCH = YES;
				SDKROOT = iphoneos;
				SWIFT_ACTIVE_COMPILATION_CONDITIONS = DEBUG;
				SWIFT_OPTIMIZATION_LEVEL = "-Onone";
				TARGETED_DEVICE_FAMILY = "1,2";
			};
			name = Debug;
		};
		05BD33B21EC4BD81004C6F89 /* Release */ = {
			isa = XCBuildConfiguration;
			buildSettings = {
				ALWAYS_SEARCH_USER_PATHS = NO;
				CLANG_ANALYZER_NONNULL = YES;
				CLANG_ANALYZER_NUMBER_OBJECT_CONVERSION = YES_AGGRESSIVE;
				CLANG_CXX_LANGUAGE_STANDARD = "gnu++0x";
				CLANG_CXX_LIBRARY = "libc++";
				CLANG_ENABLE_MODULES = YES;
				CLANG_ENABLE_OBJC_ARC = YES;
				CLANG_WARN_BOOL_CONVERSION = YES;
				CLANG_WARN_CONSTANT_CONVERSION = YES;
				CLANG_WARN_DIRECT_OBJC_ISA_USAGE = YES_ERROR;
				CLANG_WARN_DOCUMENTATION_COMMENTS = YES;
				CLANG_WARN_EMPTY_BODY = YES;
				CLANG_WARN_ENUM_CONVERSION = YES;
				CLANG_WARN_INFINITE_RECURSION = YES;
				CLANG_WARN_INT_CONVERSION = YES;
				CLANG_WARN_OBJC_ROOT_CLASS = YES_ERROR;
				CLANG_WARN_SUSPICIOUS_MOVE = YES;
				CLANG_WARN_UNREACHABLE_CODE = YES;
				CLANG_WARN__DUPLICATE_METHOD_MATCH = YES;
				"CODE_SIGN_IDENTITY[sdk=iphoneos*]" = "iPhone Developer";
				COPY_PHASE_STRIP = NO;
				DEBUG_INFORMATION_FORMAT = "dwarf-with-dsym";
				ENABLE_NS_ASSERTIONS = NO;
				ENABLE_STRICT_OBJC_MSGSEND = YES;
				GCC_C_LANGUAGE_STANDARD = gnu99;
				GCC_NO_COMMON_BLOCKS = YES;
				GCC_WARN_64_TO_32_BIT_CONVERSION = YES;
				GCC_WARN_ABOUT_RETURN_TYPE = YES_ERROR;
				GCC_WARN_UNDECLARED_SELECTOR = YES;
				GCC_WARN_UNINITIALIZED_AUTOS = YES_AGGRESSIVE;
				GCC_WARN_UNUSED_FUNCTION = YES;
				GCC_WARN_UNUSED_VARIABLE = YES;
				IPHONEOS_DEPLOYMENT_TARGET = 10.3;
				MTL_ENABLE_DEBUG_INFO = NO;
				SDKROOT = iphoneos;
				SWIFT_OPTIMIZATION_LEVEL = "-Owholemodule";
				TARGETED_DEVICE_FAMILY = "1,2";
				VALIDATE_PRODUCT = YES;
			};
			name = Release;
		};
		05BD33B41EC4BD81004C6F89 /* Debug */ = {
			isa = XCBuildConfiguration;
			buildSettings = {
				ASSETCATALOG_COMPILER_APPICON_NAME = AppIcon;
				INFOPLIST_FILE = DVP_Bai3_RWPLIST/Info.plist;
				LD_RUNPATH_SEARCH_PATHS = "$(inherited) @executable_path/Frameworks";
				PRODUCT_BUNDLE_IDENTIFIER = "IT.DVP-Bai3-RWPLIST";
				PRODUCT_NAME = "$(TARGET_NAME)";
				SWIFT_VERSION = 3.0;
			};
			name = Debug;
		};
		05BD33B51EC4BD81004C6F89 /* Release */ = {
			isa = XCBuildConfiguration;
			buildSettings = {
				ASSETCATALOG_COMPILER_APPICON_NAME = AppIcon;
				INFOPLIST_FILE = DVP_Bai3_RWPLIST/Info.plist;
				LD_RUNPATH_SEARCH_PATHS = "$(inherited) @executable_path/Frameworks";
				PRODUCT_BUNDLE_IDENTIFIER = "IT.DVP-Bai3-RWPLIST";
				PRODUCT_NAME = "$(TARGET_NAME)";
				SWIFT_VERSION = 3.0;
			};
			name = Release;
		};
		05BD33B71EC4BD81004C6F89 /* Debug */ = {
			isa = XCBuildConfiguration;
			buildSettings = {
				ALWAYS_EMBED_SWIFT_STANDARD_LIBRARIES = YES;
				BUNDLE_LOADER = "$(TEST_HOST)";
				INFOPLIST_FILE = DVP_Bai3_RWPLISTTests/Info.plist;
				LD_RUNPATH_SEARCH_PATHS = "$(inherited) @executable_path/Frameworks @loader_path/Frameworks";
				PRODUCT_BUNDLE_IDENTIFIER = "IT.DVP-Bai3-RWPLISTTests";
				PRODUCT_NAME = "$(TARGET_NAME)";
				SWIFT_VERSION = 3.0;
				TEST_HOST = "$(BUILT_PRODUCTS_DIR)/DVP_Bai3_RWPLIST.app/DVP_Bai3_RWPLIST";
			};
			name = Debug;
		};
		05BD33B81EC4BD81004C6F89 /* Release */ = {
			isa = XCBuildConfiguration;
			buildSettings = {
				ALWAYS_EMBED_SWIFT_STANDARD_LIBRARIES = YES;
				BUNDLE_LOADER = "$(TEST_HOST)";
				INFOPLIST_FILE = DVP_Bai3_RWPLISTTests/Info.plist;
				LD_RUNPATH_SEARCH_PATHS = "$(inherited) @executable_path/Frameworks @loader_path/Frameworks";
				PRODUCT_BUNDLE_IDENTIFIER = "IT.DVP-Bai3-RWPLISTTests";
				PRODUCT_NAME = "$(TARGET_NAME)";
				SWIFT_VERSION = 3.0;
				TEST_HOST = "$(BUILT_PRODUCTS_DIR)/DVP_Bai3_RWPLIST.app/DVP_Bai3_RWPLIST";
			};
			name = Release;
		};
		05BD33BA1EC4BD81004C6F89 /* Debug */ = {
			isa = XCBuildConfiguration;
			buildSettings = {
				ALWAYS_EMBED_SWIFT_STANDARD_LIBRARIES = YES;
				INFOPLIST_FILE = DVP_Bai3_RWPLISTUITests/Info.plist;
				LD_RUNPATH_SEARCH_PATHS = "$(inherited) @executable_path/Frameworks @loader_path/Frameworks";
				PRODUCT_BUNDLE_IDENTIFIER = "IT.DVP-Bai3-RWPLISTUITests";
				PRODUCT_NAME = "$(TARGET_NAME)";
				SWIFT_VERSION = 3.0;
				TEST_TARGET_NAME = DVP_Bai3_RWPLIST;
			};
			name = Debug;
		};
		05BD33BB1EC4BD81004C6F89 /* Release */ = {
			isa = XCBuildConfiguration;
			buildSettings = {
				ALWAYS_EMBED_SWIFT_STANDARD_LIBRARIES = YES;
				INFOPLIST_FILE = DVP_Bai3_RWPLISTUITests/Info.plist;
				LD_RUNPATH_SEARCH_PATHS = "$(inherited) @executable_path/Frameworks @loader_path/Frameworks";
				PRODUCT_BUNDLE_IDENTIFIER = "IT.DVP-Bai3-RWPLISTUITests";
				PRODUCT_NAME = "$(TARGET_NAME)";
				SWIFT_VERSION = 3.0;
				TEST_TARGET_NAME = DVP_Bai3_RWPLIST;
			};
			name = Release;
		};
/* End XCBuildConfiguration section */

/* Begin XCConfigurationList section */
		05BD33861EC4BD81004C6F89 /* Build configuration list for PBXProject "DVP_Bai3_RWPLIST" */ = {
			isa = XCConfigurationList;
			buildConfigurations = (
				05BD33B11EC4BD81004C6F89 /* Debug */,
				05BD33B21EC4BD81004C6F89 /* Release */,
			);
			defaultConfigurationIsVisible = 0;
			defaultConfigurationName = Release;
		};
		05BD33B31EC4BD81004C6F89 /* Build configuration list for PBXNativeTarget "DVP_Bai3_RWPLIST" */ = {
			isa = XCConfigurationList;
			buildConfigurations = (
				05BD33B41EC4BD81004C6F89 /* Debug */,
				05BD33B51EC4BD81004C6F89 /* Release */,
			);
			defaultConfigurationIsVisible = 0;
		};
		05BD33B61EC4BD81004C6F89 /* Build configuration list for PBXNativeTarget "DVP_Bai3_RWPLISTTests" */ = {
			isa = XCConfigurationList;
			buildConfigurations = (
				05BD33B71EC4BD81004C6F89 /* Debug */,
				05BD33B81EC4BD81004C6F89 /* Release */,
			);
			defaultConfigurationIsVisible = 0;
		};
		05BD33B91EC4BD81004C6F89 /* Build configuration list for PBXNativeTarget "DVP_Bai3_RWPLISTUITests" */ = {
			isa = XCConfigurationList;
			buildConfigurations = (
				05BD33BA1EC4BD81004C6F89 /* Debug */,
				05BD33BB1EC4BD81004C6F89 /* Release */,
			);
			defaultConfigurationIsVisible = 0;
		};
/* End XCConfigurationList section */
	};
	rootObject = 05BD33831EC4BD81004C6F89 /* Project object */;
}
